
Microsoft Visual Studio Solution File, Format Version 12.00
# Visual Studio Version 16
VisualStudioVersion = 16.0.30503.244
MinimumVisualStudioVersion = 10.0.40219.1
Project("{9A19103F-16F7-4668-BE54-9A1E7A4F7556}") = "BGC_Tools", "TASagentTwitchBotCore\BGC_Tools\BGC_Tools.csproj", "{230DCBC8-C9DD-43E9-A13C-263924E926C4}"
EndProject
Project("{9A19103F-16F7-4668-BE54-9A1E7A4F7556}") = "TASagentTwitchBot.Core", "TASagentTwitchBotCore\TASagentTwitchBot.Core\TASagentTwitchBot.Core.csproj", "{A32D7301-F5DE-43AE-980A-96DA07943691}"
EndProject
Project("{9A19103F-16F7-4668-BE54-9A1E7A4F7556}") = "TASagentTwitchBot.SimpleDemo", "TASagentTwitchBot.SimpleDemo\TASagentTwitchBot.SimpleDemo.csproj", "{0815D93E-2B80-4BE4-8CEA-358A0A49867F}"
EndProject
Project("{9A19103F-16F7-4668-BE54-9A1E7A4F7556}") = "TASagentTwitchBot.Plugin.ControllerSpy", "TASagentTwitchBotCore\TASagentTwitchBot.Plugin.ControllerSpy\TASagentTwitchBot.Plugin.ControllerSpy.csproj", "{E28B4D8C-15EF-4672-BA39-E0F8BF20BAA5}"
EndProject
Project("{2150E333-8FDC-42A3-9474-1A3956D46DE8}") = "TASagentTwitchBotCore", "TASagentTwitchBotCore", "{4993C050-2F34-408B-91CB-A7025BC7250B}"
EndProject
Project("{9A19103F-16F7-4668-BE54-9A1E7A4F7556}") = "TASagentTwitchBot.NoTTSDemo", "TASagentTwitchBot.NoTTSDemo\TASagentTwitchBot.NoTTSDemo.csproj", "{E7E307A5-6E04-4F68-B001-1ED04B236C40}"
EndProject
Project("{9A19103F-16F7-4668-BE54-9A1E7A4F7556}") = "TASagentTwitchBot.BasicMicController", "TASagentTwitchBot.BasicMicController\TASagentTwitchBot.BasicMicController.csproj", "{E62EEBF0-8897-4B23-84FF-7E9A114A71C1}"
EndProject
Project("{9A19103F-16F7-4668-BE54-9A1E7A4F7556}") = "TASagentTwitchBot.NoOverlaysDemo", "TASagentTwitchBot.NoOverlaysDemo\TASagentTwitchBot.NoOverlaysDemo.csproj", "{8FB6AB7B-C5B1-4E08-8B91-DA151C0C4520}"
EndProject
Project("{9A19103F-16F7-4668-BE54-9A1E7A4F7556}") = "TASagentTwitchBot.FilesTest", "TASagentTwitchBot.FilesTest\TASagentTwitchBot.FilesTest.csproj", "{6F949909-6114-494D-82DD-90654FA4C7DD}"
EndProject
Project("{9A19103F-16F7-4668-BE54-9A1E7A4F7556}") = "TASagentTwitchBot.Plugin.TTTAS", "TASagentTwitchBotCore\TASagentTwitchBot.Plugin.TTTAS\TASagentTwitchBot.Plugin.TTTAS.csproj", "{DDD3E5E7-FBCF-4850-A00B-41754D2D2648}"
EndProject
Project("{9A19103F-16F7-4668-BE54-9A1E7A4F7556}") = "TASagentTwitchBot.TTTASDemo", "TASagentTwitchBot.TTTASDemo\TASagentTwitchBot.TTTASDemo.csproj", "{293CEAB9-9A8C-4DAE-95CF-965110FD9F3B}"
EndProject
Project("{9A19103F-16F7-4668-BE54-9A1E7A4F7556}") = "TASagentTwitchBot.Core.WebServer", "TASagentTwitchBotCore\TASagentTwitchBot.Core.WebServer\TASagentTwitchBot.Core.WebServer.csproj", "{AF1AC4E3-0451-4221-9771-E67701E89648}"
EndProject
Global
	GlobalSection(SolutionConfigurationPlatforms) = preSolution
		Debug|Any CPU = Debug|Any CPU
		Release|Any CPU = Release|Any CPU
	EndGlobalSection
	GlobalSection(ProjectConfigurationPlatforms) = postSolution
		{230DCBC8-C9DD-43E9-A13C-263924E926C4}.Debug|Any CPU.ActiveCfg = Debug|Any CPU
		{230DCBC8-C9DD-43E9-A13C-263924E926C4}.Debug|Any CPU.Build.0 = Debug|Any CPU
		{230DCBC8-C9DD-43E9-A13C-263924E926C4}.Release|Any CPU.ActiveCfg = Release|Any CPU
		{230DCBC8-C9DD-43E9-A13C-263924E926C4}.Release|Any CPU.Build.0 = Release|Any CPU
		{A32D7301-F5DE-43AE-980A-96DA07943691}.Debug|Any CPU.ActiveCfg = Debug|Any CPU
		{A32D7301-F5DE-43AE-980A-96DA07943691}.Debug|Any CPU.Build.0 = Debug|Any CPU
		{A32D7301-F5DE-43AE-980A-96DA07943691}.Release|Any CPU.ActiveCfg = Release|Any CPU
		{A32D7301-F5DE-43AE-980A-96DA07943691}.Release|Any CPU.Build.0 = Release|Any CPU
		{0815D93E-2B80-4BE4-8CEA-358A0A49867F}.Debug|Any CPU.ActiveCfg = Debug|Any CPU
		{0815D93E-2B80-4BE4-8CEA-358A0A49867F}.Debug|Any CPU.Build.0 = Debug|Any CPU
		{0815D93E-2B80-4BE4-8CEA-358A0A49867F}.Release|Any CPU.ActiveCfg = Release|Any CPU
		{0815D93E-2B80-4BE4-8CEA-358A0A49867F}.Release|Any CPU.Build.0 = Release|Any CPU
		{E28B4D8C-15EF-4672-BA39-E0F8BF20BAA5}.Debug|Any CPU.ActiveCfg = Debug|Any CPU
		{E28B4D8C-15EF-4672-BA39-E0F8BF20BAA5}.Debug|Any CPU.Build.0 = Debug|Any CPU
		{E28B4D8C-15EF-4672-BA39-E0F8BF20BAA5}.Release|Any CPU.ActiveCfg = Release|Any CPU
		{E28B4D8C-15EF-4672-BA39-E0F8BF20BAA5}.Release|Any CPU.Build.0 = Release|Any CPU
		{E7E307A5-6E04-4F68-B001-1ED04B236C40}.Debug|Any CPU.ActiveCfg = Debug|Any CPU
		{E7E307A5-6E04-4F68-B001-1ED04B236C40}.Debug|Any CPU.Build.0 = Debug|Any CPU
		{E7E307A5-6E04-4F68-B001-1ED04B236C40}.Release|Any CPU.ActiveCfg = Release|Any CPU
		{E7E307A5-6E04-4F68-B001-1ED04B236C40}.Release|Any CPU.Build.0 = Release|Any CPU
		{E62EEBF0-8897-4B23-84FF-7E9A114A71C1}.Debug|Any CPU.ActiveCfg = Debug|Any CPU
		{E62EEBF0-8897-4B23-84FF-7E9A114A71C1}.Debug|Any CPU.Build.0 = Debug|Any CPU
		{E62EEBF0-8897-4B23-84FF-7E9A114A71C1}.Release|Any CPU.ActiveCfg = Release|Any CPU
		{E62EEBF0-8897-4B23-84FF-7E9A114A71C1}.Release|Any CPU.Build.0 = Release|Any CPU
		{8FB6AB7B-C5B1-4E08-8B91-DA151C0C4520}.Debug|Any CPU.ActiveCfg = Debug|Any CPU
		{8FB6AB7B-C5B1-4E08-8B91-DA151C0C4520}.Debug|Any CPU.Build.0 = Debug|Any CPU
		{8FB6AB7B-C5B1-4E08-8B91-DA151C0C4520}.Release|Any CPU.ActiveCfg = Release|Any CPU
		{8FB6AB7B-C5B1-4E08-8B91-DA151C0C4520}.Release|Any CPU.Build.0 = Release|Any CPU
		{6F949909-6114-494D-82DD-90654FA4C7DD}.Debug|Any CPU.ActiveCfg = Debug|Any CPU
		{6F949909-6114-494D-82DD-90654FA4C7DD}.Debug|Any CPU.Build.0 = Debug|Any CPU
		{6F949909-6114-494D-82DD-90654FA4C7DD}.Release|Any CPU.ActiveCfg = Release|Any CPU
		{6F949909-6114-494D-82DD-90654FA4C7DD}.Release|Any CPU.Build.0 = Release|Any CPU
		{DDD3E5E7-FBCF-4850-A00B-41754D2D2648}.Debug|Any CPU.ActiveCfg = Debug|Any CPU
		{DDD3E5E7-FBCF-4850-A00B-41754D2D2648}.Debug|Any CPU.Build.0 = Debug|Any CPU
		{DDD3E5E7-FBCF-4850-A00B-41754D2D2648}.Release|Any CPU.ActiveCfg = Release|Any CPU
		{DDD3E5E7-FBCF-4850-A00B-41754D2D2648}.Release|Any CPU.Build.0 = Release|Any CPU
		{293CEAB9-9A8C-4DAE-95CF-965110FD9F3B}.Debug|Any CPU.ActiveCfg = Debug|Any CPU
		{293CEAB9-9A8C-4DAE-95CF-965110FD9F3B}.Debug|Any CPU.Build.0 = Debug|Any CPU
		{293CEAB9-9A8C-4DAE-95CF-965110FD9F3B}.Release|Any CPU.ActiveCfg = Release|Any CPU
		{293CEAB9-9A8C-4DAE-95CF-965110FD9F3B}.Release|Any CPU.Build.0 = Release|Any CPU
		{AF1AC4E3-0451-4221-9771-E67701E89648}.Debug|Any CPU.ActiveCfg = Debug|Any CPU
		{AF1AC4E3-0451-4221-9771-E67701E89648}.Debug|Any CPU.Build.0 = Debug|Any CPU
		{AF1AC4E3-0451-4221-9771-E67701E89648}.Release|Any CPU.ActiveCfg = Release|Any CPU
		{AF1AC4E3-0451-4221-9771-E67701E89648}.Release|Any CPU.Build.0 = Release|Any CPU
	EndGlobalSection
	GlobalSection(SolutionProperties) = preSolution
		HideSolutionNode = FALSE
	EndGlobalSection
	GlobalSection(NestedProjects) = preSolution
		{230DCBC8-C9DD-43E9-A13C-263924E926C4} = {4993C050-2F34-408B-91CB-A7025BC7250B}
		{A32D7301-F5DE-43AE-980A-96DA07943691} = {4993C050-2F34-408B-91CB-A7025BC7250B}
		{E28B4D8C-15EF-4672-BA39-E0F8BF20BAA5} = {4993C050-2F34-408B-91CB-A7025BC7250B}
		{DDD3E5E7-FBCF-4850-A00B-41754D2D2648} = {4993C050-2F34-408B-91CB-A7025BC7250B}
		{AF1AC4E3-0451-4221-9771-E67701E89648} = {4993C050-2F34-408B-91CB-A7025BC7250B}
	EndGlobalSection
	GlobalSection(ExtensibilityGlobals) = postSolution
		SolutionGuid = {F4365226-7A4E-4F79-9340-4B28620BC229}
	EndGlobalSection
EndGlobal
